
Microsoft Visual Studio Solution File, Format Version 12.00
# Visual Studio Version 16
VisualStudioVersion = 16.0.29613.14
MinimumVisualStudioVersion = 10.0.40219.1
Project("{FAE04EC0-301F-11D3-BF4B-00C04F79EFBC}") = "GameService", "GameService\GameService.csproj", "{11E4E386-F0BB-418C-9A32-6DD581708B24}"
EndProject
Global
	GlobalSection(SolutionConfigurationPlatforms) = preSolution
		Debug|Any CPU = Debug|Any CPU
		Release|Any CPU = Release|Any CPU
	EndGlobalSection
	GlobalSection(ProjectConfigurationPlatforms) = postSolution
		{11E4E386-F0BB-418C-9A32-6DD581708B24}.Debug|Any CPU.ActiveCfg = Debug|Any CPU
		{11E4E386-F0BB-418C-9A32-6DD581708B24}.Debug|Any CPU.Build.0 = Debug|Any CPU
		{11E4E386-F0BB-418C-9A32-6DD581708B24}.Release|Any CPU.ActiveCfg = Release|Any CPU
		{11E4E386-F0BB-418C-9A32-6DD581708B24}.Release|Any CPU.Build.0 = Release|Any CPU
	EndGlobalSection
	GlobalSection(SolutionProperties) = preSolution
		HideSolutionNode = FALSE
	EndGlobalSection
	GlobalSection(ExtensibilityGlobals) = postSolution
		SolutionGuid = {A0A15CCA-2A9A-4D6F-8BA4-3E4BCB868DF5}
	EndGlobalSection
EndGlobal
